lockfileVersion: 5.3

specifiers:
  '@cloudflare/workers-types': ^2.2.2
  typescript: ^4.5.5

dependencies:
  '@cloudflare/workers-types': 2.2.2

devDependencies:
  typescript: 4.5.5

packages:

  /@cloudflare/workers-types/2.2.2:
    resolution: {integrity: sha512-kaMn2rueJ0PL1TYVGknTCh0X0x0d9G+FNXAFep7/4uqecEZoQb/63o6rOmMuiqI09zLuHV6xhKRXinokV/MY9A==}
    dev: false

  /typescript/4.5.5:
    resolution: {integrity: sha512-TCTIul70LyWe6IJWT8QSYeA54WQe8EjQFU4wY52Fasj5UKx88LNYKCgBEHcOMOrFF1rKGbD8v/xcNWVUq9SymA==}
    engines: {node: '>=4.2.0'}
    hasBin: true
    dev: true
